
Microsoft Visual Studio Solution File, Format Version 12.00
# Visual Studio 2012
Project("{FAE04EC0-301F-11D3-BF4B-00C04F79EFBC}") = "DataCreator", "DataCreator.csproj", "{2297B849-48E7-49F0-95EC-8D6DD0A709D9}"
EndProject
Global
	GlobalSection(SolutionConfigurationPlatforms) = preSolution
		Debug|Any CPU = Debug|Any CPU
		Release|Any CPU = Release|Any CPU
	EndGlobalSection
	GlobalSection(ProjectConfigurationPlatforms) = postSolution
		{2297B849-48E7-49F0-95EC-8D6DD0A709D9}.Debug|Any CPU.ActiveCfg = Debug|Any CPU
		{2297B849-48E7-49F0-95EC-8D6DD0A709D9}.Debug|Any CPU.Build.0 = Debug|Any CPU
		{2297B849-48E7-49F0-95EC-8D6DD0A709D9}.Release|Any CPU.ActiveCfg = Release|Any CPU
		{2297B849-48E7-49F0-95EC-8D6DD0A709D9}.Release|Any CPU.Build.0 = Release|Any CPU
	EndGlobalSection
	GlobalSection(SolutionProperties) = preSolution
		HideSolutionNode = FALSE
	EndGlobalSection
EndGlobal
