
Microsoft Visual Studio Solution File, Format Version 12.00
# Visual Studio 2012
Project("{FAE04EC0-301F-11D3-BF4B-00C04F79EFBC}") = "SubmodularFunction", "Submodular\SubmodularFunction.csproj", "{9FF1CE2C-6E97-4F7E-916A-7B0FD6EAC316}"
EndProject
Project("{FAE04EC0-301F-11D3-BF4B-00C04F79EFBC}") = "TestSubmodular", "TestSubmodular\TestSubmodular.csproj", "{B392D19F-D172-4E67-A9AB-21BF344C4512}"
EndProject
Global
	GlobalSection(SolutionConfigurationPlatforms) = preSolution
		Debug|Any CPU = Debug|Any CPU
		Release|Any CPU = Release|Any CPU
	EndGlobalSection
	GlobalSection(ProjectConfigurationPlatforms) = postSolution
		{9FF1CE2C-6E97-4F7E-916A-7B0FD6EAC316}.Debug|Any CPU.ActiveCfg = Debug|Any CPU
		{9FF1CE2C-6E97-4F7E-916A-7B0FD6EAC316}.Debug|Any CPU.Build.0 = Debug|Any CPU
		{9FF1CE2C-6E97-4F7E-916A-7B0FD6EAC316}.Release|Any CPU.ActiveCfg = Release|Any CPU
		{9FF1CE2C-6E97-4F7E-916A-7B0FD6EAC316}.Release|Any CPU.Build.0 = Release|Any CPU
		{B392D19F-D172-4E67-A9AB-21BF344C4512}.Debug|Any CPU.ActiveCfg = Debug|Any CPU
		{B392D19F-D172-4E67-A9AB-21BF344C4512}.Debug|Any CPU.Build.0 = Debug|Any CPU
		{B392D19F-D172-4E67-A9AB-21BF344C4512}.Release|Any CPU.ActiveCfg = Release|Any CPU
		{B392D19F-D172-4E67-A9AB-21BF344C4512}.Release|Any CPU.Build.0 = Release|Any CPU
	EndGlobalSection
	GlobalSection(SolutionProperties) = preSolution
		HideSolutionNode = FALSE
	EndGlobalSection
EndGlobal
