
Microsoft Visual Studio Solution File, Format Version 12.00
# Visual Studio 2012
Project("{FAE04EC0-301F-11D3-BF4B-00C04F79EFBC}") = "DataModifier", "DataModifier\DataModifier.csproj", "{1FB1A215-45EA-4BEB-831A-C8777A2F897C}"
EndProject
Global
	GlobalSection(SolutionConfigurationPlatforms) = preSolution
		Debug|Any CPU = Debug|Any CPU
		Release|Any CPU = Release|Any CPU
	EndGlobalSection
	GlobalSection(ProjectConfigurationPlatforms) = postSolution
		{1FB1A215-45EA-4BEB-831A-C8777A2F897C}.Debug|Any CPU.ActiveCfg = Debug|Any CPU
		{1FB1A215-45EA-4BEB-831A-C8777A2F897C}.Debug|Any CPU.Build.0 = Debug|Any CPU
		{1FB1A215-45EA-4BEB-831A-C8777A2F897C}.Release|Any CPU.ActiveCfg = Release|Any CPU
		{1FB1A215-45EA-4BEB-831A-C8777A2F897C}.Release|Any CPU.Build.0 = Release|Any CPU
	EndGlobalSection
	GlobalSection(SolutionProperties) = preSolution
		HideSolutionNode = FALSE
	EndGlobalSection
EndGlobal
