
Microsoft Visual Studio Solution File, Format Version 12.00
# Visual Studio 2012
Project("{8BC9CEB8-8B4A-11D0-8D11-00A0C91BC942}") = "SubmodularFunction", "SubmodularFunction\SubmodularFunction.vcxproj", "{4130B3FE-7ADC-4D47-9D76-9F9F5DA0476D}"
EndProject
Project("{8BC9CEB8-8B4A-11D0-8D11-00A0C91BC942}") = "UnitTest1", "UnitTest1\UnitTest1.vcxproj", "{C86F85E2-B54C-470F-A796-8A35E5111B9C}"
EndProject
Global
	GlobalSection(SolutionConfigurationPlatforms) = preSolution
		Debug|Win32 = Debug|Win32
		Release|Win32 = Release|Win32
	EndGlobalSection
	GlobalSection(ProjectConfigurationPlatforms) = postSolution
		{4130B3FE-7ADC-4D47-9D76-9F9F5DA0476D}.Debug|Win32.ActiveCfg = Debug|Win32
		{4130B3FE-7ADC-4D47-9D76-9F9F5DA0476D}.Debug|Win32.Build.0 = Debug|Win32
		{4130B3FE-7ADC-4D47-9D76-9F9F5DA0476D}.Release|Win32.ActiveCfg = Release|Win32
		{4130B3FE-7ADC-4D47-9D76-9F9F5DA0476D}.Release|Win32.Build.0 = Release|Win32
		{C86F85E2-B54C-470F-A796-8A35E5111B9C}.Debug|Win32.ActiveCfg = Debug|Win32
		{C86F85E2-B54C-470F-A796-8A35E5111B9C}.Debug|Win32.Build.0 = Debug|Win32
		{C86F85E2-B54C-470F-A796-8A35E5111B9C}.Release|Win32.ActiveCfg = Release|Win32
		{C86F85E2-B54C-470F-A796-8A35E5111B9C}.Release|Win32.Build.0 = Release|Win32
	EndGlobalSection
	GlobalSection(SolutionProperties) = preSolution
		HideSolutionNode = FALSE
	EndGlobalSection
EndGlobal
